
Microsoft Visual Studio Solution File, Format Version 12.00
# Visual Studio Version 17
VisualStudioVersion = 17.3.32929.385
MinimumVisualStudioVersion = 10.0.40219.1
Project("{8BC9CEB8-8B4A-11D0-8D11-00A0C91BC942}") = "Aladin", "Aladin\Aladin.vcxproj", "{D880F035-A81F-44C1-B04B-3B64DF373A31}"
EndProject
Global
	GlobalSection(SolutionConfigurationPlatforms) = preSolution
		Debug|x64 = Debug|x64
		Debug|x86 = Debug|x86
		Release|x64 = Release|x64
		Release|x86 = Release|x86
	EndGlobalSection
	GlobalSection(ProjectConfigurationPlatforms) = postSolution
		{D880F035-A81F-44C1-B04B-3B64DF373A31}.Debug|x64.ActiveCfg = Debug|x64
		{D880F035-A81F-44C1-B04B-3B64DF373A31}.Debug|x64.Build.0 = Debug|x64
		{D880F035-A81F-44C1-B04B-3B64DF373A31}.Debug|x86.ActiveCfg = Debug|Win32
		{D880F035-A81F-44C1-B04B-3B64DF373A31}.Debug|x86.Build.0 = Debug|Win32
		{D880F035-A81F-44C1-B04B-3B64DF373A31}.Release|x64.ActiveCfg = Release|x64
		{D880F035-A81F-44C1-B04B-3B64DF373A31}.Release|x64.Build.0 = Release|x64
		{D880F035-A81F-44C1-B04B-3B64DF373A31}.Release|x86.ActiveCfg = Release|Win32
		{D880F035-A81F-44C1-B04B-3B64DF373A31}.Release|x86.Build.0 = Release|Win32
	EndGlobalSection
	GlobalSection(SolutionProperties) = preSolution
		HideSolutionNode = FALSE
	EndGlobalSection
	GlobalSection(ExtensibilityGlobals) = postSolution
		SolutionGuid = {70DE571C-BE33-4593-ADEA-35AA4AEC8433}
	EndGlobalSection
EndGlobal
