<?xml version="1.0" encoding="utf-8"?>
<Project ToolsVersion="4.0" xmlns="http://schemas.microsoft.com/developer/msbuild/2003">
  <ItemGroup>
    <Filter Include="소스 파일">
      <UniqueIdentifier>{4FC737F1-C7A5-4376-A066-2A32D752A2FF}</UniqueIdentifier>
      <Extensions>cpp;c;cc;cxx;c++;cppm;ixx;def;odl;idl;hpj;bat;asm;asmx</Extensions>
    </Filter>
    <Filter Include="헤더 파일">
      <UniqueIdentifier>{93995380-89BD-4b04-88EB-625FBE52EBFB}</UniqueIdentifier>
      <Extensions>h;hh;hpp;hxx;h++;hm;inl;inc;ipp;xsd</Extensions>
    </Filter>
    <Filter Include="리소스 파일">
      <UniqueIdentifier>{67DA6AB6-F800-4c08-8B7A-83BB121AAD01}</UniqueIdentifier>
      <Extensions>rc;ico;cur;bmp;dlg;rc2;rct;bin;rgs;gif;jpg;jpeg;jpe;resx;tiff;tif;png;wav;mfcribbon-ms</Extensions>
    </Filter>
    <Filter Include="소스 파일\State">
      <UniqueIdentifier>{b0fe27ef-72c6-4b6c-b198-31ecfc7830aa}</UniqueIdentifier>
    </Filter>
  </ItemGroup>
  <ItemGroup>
    <ClCompile Include="Aladin.cpp">
      <Filter>소스 파일</Filter>
    </ClCompile>
    <ClCompile Include="CApp.cpp">
      <Filter>소스 파일</Filter>
    </ClCompile>
    <ClCompile Include="CBitmap.cpp">
      <Filter>소스 파일</Filter>
    </ClCompile>
    <ClCompile Include="CDC.cpp">
      <Filter>소스 파일</Filter>
    </ClCompile>
    <ClCompile Include="CSprite.cpp">
      <Filter>소스 파일</Filter>
    </ClCompile>
    <ClCompile Include="Player.cpp">
      <Filter>소스 파일</Filter>
    </ClCompile>
    <ClCompile Include="Background.cpp">
      <Filter>소스 파일</Filter>
    </ClCompile>
    <ClCompile Include="PlayerState.cpp">
      <Filter>소스 파일\State</Filter>
    </ClCompile>
    <ClCompile Include="IdleState.cpp">
      <Filter>소스 파일\State</Filter>
    </ClCompile>
    <ClCompile Include="JumpState.cpp">
      <Filter>소스 파일\State</Filter>
    </ClCompile>
    <ClCompile Include="RunningState.cpp">
      <Filter>소스 파일\State</Filter>
    </ClCompile>
    <ClCompile Include="Animation.cpp">
      <Filter>소스 파일</Filter>
    </ClCompile>
    <ClCompile Include="Camera.cpp">
      <Filter>소스 파일</Filter>
    </ClCompile>
    <ClCompile Include="FallState.cpp">
      <Filter>소스 파일\State</Filter>
    </ClCompile>
    <ClCompile Include="RunJumpState.cpp">
      <Filter>소스 파일\State</Filter>
    </ClCompile>
    <ClCompile Include="RunFallState.cpp">
      <Filter>소스 파일\State</Filter>
    </ClCompile>
    <ClCompile Include="JumpAttackState.cpp">
      <Filter>소스 파일\State</Filter>
    </ClCompile>
    <ClCompile Include="AttackState.cpp">
      <Filter>소스 파일\State</Filter>
    </ClCompile>
  </ItemGroup>
  <ItemGroup>
    <ClInclude Include="CApp.h">
      <Filter>헤더 파일</Filter>
    </ClInclude>
    <ClInclude Include="CSprite.h">
      <Filter>헤더 파일</Filter>
    </ClInclude>
    <ClInclude Include="CDC.h">
      <Filter>헤더 파일</Filter>
    </ClInclude>
    <ClInclude Include="CBitmap.h">
      <Filter>헤더 파일</Filter>
    </ClInclude>
    <ClInclude Include="Player.h">
      <Filter>헤더 파일</Filter>
    </ClInclude>
    <ClInclude Include="Background.h">
      <Filter>헤더 파일</Filter>
    </ClInclude>
    <ClInclude Include="PlayerState.h">
      <Filter>소스 파일\State</Filter>
    </ClInclude>
    <ClInclude Include="IdleState.h">
      <Filter>소스 파일\State</Filter>
    </ClInclude>
    <ClInclude Include="JumpState.h">
      <Filter>소스 파일\State</Filter>
    </ClInclude>
    <ClInclude Include="RunningState.h">
      <Filter>소스 파일\State</Filter>
    </ClInclude>
    <ClInclude Include="Animation.h">
      <Filter>헤더 파일</Filter>
    </ClInclude>
    <ClInclude Include="Camera.h">
      <Filter>헤더 파일</Filter>
    </ClInclude>
    <ClInclude Include="FallState.h">
      <Filter>소스 파일\State</Filter>
    </ClInclude>
    <ClInclude Include="RunJumpState.h">
      <Filter>소스 파일\State</Filter>
    </ClInclude>
    <ClInclude Include="RunFallState.h">
      <Filter>소스 파일\State</Filter>
    </ClInclude>
    <ClInclude Include="JumpAttackState.h">
      <Filter>소스 파일\State</Filter>
    </ClInclude>
    <ClInclude Include="AttackState.h">
      <Filter>소스 파일\State</Filter>
    </ClInclude>
  </ItemGroup>
</Project>